{
  "name": "frontend",
  "version": "0.1.0",
  "lockfileVersion": 3,
  "requires": true,
  "packages": {
    "": {
      "name": "frontend",
      "version": "0.1.0",
      "dependencies": {
        "react": "^18.2.0",
        "react-dom": "^18.2.0",
        "react-day-picker": "8.10.1"
      }
    }
  },
  "dependencies": {
    "react": {
      "version": "18.2.0"
    },
    "react-dom": {
      "version": "18.2.0",
      "requires": {
        "react": "^18.2.0"
      }
    },
    "react-day-picker": {
      "version": "8.10.1",
      "requires": {
        "react": "^18.0.0"
      }
    }
  }
}
